PODS:
  - MyLib (1.0.0):
    - MyLib/Main (= 1.0.0)
  - MyLib/Main (1.0.0)
  - MyLibSwift/Swift (1.0.0):
    - MyLib

DEPENDENCIES:
  - MyLib (from `.`)
  - MyLibSwift/Swift (from `.`)

EXTERNAL SOURCES:
  MyLib:
    :path: .
  MyLibSwift:
    :path: .

SPEC CHECKSUMS:
  MyLib: 74a8b5aeeccde58150c8fc26f3ce33e66f6654e3
  MyLibSwift: 6e7ea618456d46e9c40db715ffbfa5aa240723e7

COCOAPODS: 0.39.0
